
Microsoft Visual Studio Solution File, Format Version 12.00
# Visual Studio Version 17
VisualStudioVersion = 17.8.34330.188
MinimumVisualStudioVersion = 10.0.40219.1
Project("{FAE04EC0-301F-11D3-BF4B-00C04F79EFBC}") = "EscapeFromBSG", "EscapeFromBSG\EscapeFromBSG.csproj", "{32839C00-48CF-48E4-AB66-B4D990880374}"
EndProject
Global
	GlobalSection(SolutionConfigurationPlatforms) = preSolution
		Debug|Any CPU = Debug|Any CPU
		Release|Any CPU = Release|Any CPU
	EndGlobalSection
	GlobalSection(ProjectConfigurationPlatforms) = postSolution
		{32839C00-48CF-48E4-AB66-B4D990880374}.Debug|Any CPU.ActiveCfg = Debug|Any CPU
		{32839C00-48CF-48E4-AB66-B4D990880374}.Debug|Any CPU.Build.0 = Debug|Any CPU
		{32839C00-48CF-48E4-AB66-B4D990880374}.Release|Any CPU.ActiveCfg = Release|Any CPU
		{32839C00-48CF-48E4-AB66-B4D990880374}.Release|Any CPU.Build.0 = Release|Any CPU
	EndGlobalSection
	GlobalSection(SolutionProperties) = preSolution
		HideSolutionNode = FALSE
	EndGlobalSection
	GlobalSection(ExtensibilityGlobals) = postSolution
		SolutionGuid = {3D2B03D1-CE8E-4898-9920-A1A36C8D99BA}
	EndGlobalSection
EndGlobal
